
Microsoft Visual Studio Solution File, Format Version 12.00
# Visual Studio Version 17
VisualStudioVersion = 17.11.35222.181
MinimumVisualStudioVersion = 10.0.40219.1
Project("{E53339B2-1760-4266-BCC7-CA923CBCF16C}") = "docker-compose", "docker-compose.dcproj", "{5DEE7C46-C1DA-4141-ABD1-75F737111286}"
EndProject
Project("{9A19103F-16F7-4668-BE54-9A1E7A4F7556}") = "KafkaConsumer", "KafkaConsumer\KafkaConsumer.csproj", "{AC504D9D-4FBE-4EEF-873F-4DF3B936A2D4}"
EndProject
Project("{9A19103F-16F7-4668-BE54-9A1E7A4F7556}") = "KafkaProducer", "KafkaProducer\KafkaProducer.csproj", "{D041AC72-DDDD-47E5-AA80-C4315F2DD643}"
EndProject
Project("{9A19103F-16F7-4668-BE54-9A1E7A4F7556}") = "ApiConsumer", "ApiConsumer\ApiConsumer.csproj", "{0F4527E0-DFB7-4906-BECD-DAFF5CF95375}"
EndProject
Project("{FAE04EC0-301F-11D3-BF4B-00C04F79EFBC}") = "ApiConsumer.Tests", "ApiConsumer.Tests\ApiConsumer.Tests.csproj", "{5A133DE7-41ED-4168-89AE-0EF980F56532}"
EndProject
Global
	GlobalSection(SolutionConfigurationPlatforms) = preSolution
		Debug|Any CPU = Debug|Any CPU
		Release|Any CPU = Release|Any CPU
	EndGlobalSection
	GlobalSection(ProjectConfigurationPlatforms) = postSolution
		{5DEE7C46-C1DA-4141-ABD1-75F737111286}.Debug|Any CPU.ActiveCfg = Debug|Any CPU
		{5DEE7C46-C1DA-4141-ABD1-75F737111286}.Debug|Any CPU.Build.0 = Debug|Any CPU
		{5DEE7C46-C1DA-4141-ABD1-75F737111286}.Release|Any CPU.ActiveCfg = Release|Any CPU
		{5DEE7C46-C1DA-4141-ABD1-75F737111286}.Release|Any CPU.Build.0 = Release|Any CPU
		{AC504D9D-4FBE-4EEF-873F-4DF3B936A2D4}.Debug|Any CPU.ActiveCfg = Debug|Any CPU
		{AC504D9D-4FBE-4EEF-873F-4DF3B936A2D4}.Debug|Any CPU.Build.0 = Debug|Any CPU
		{AC504D9D-4FBE-4EEF-873F-4DF3B936A2D4}.Release|Any CPU.ActiveCfg = Release|Any CPU
		{AC504D9D-4FBE-4EEF-873F-4DF3B936A2D4}.Release|Any CPU.Build.0 = Release|Any CPU
		{D041AC72-DDDD-47E5-AA80-C4315F2DD643}.Debug|Any CPU.ActiveCfg = Debug|Any CPU
		{D041AC72-DDDD-47E5-AA80-C4315F2DD643}.Debug|Any CPU.Build.0 = Debug|Any CPU
		{D041AC72-DDDD-47E5-AA80-C4315F2DD643}.Release|Any CPU.ActiveCfg = Release|Any CPU
		{D041AC72-DDDD-47E5-AA80-C4315F2DD643}.Release|Any CPU.Build.0 = Release|Any CPU
		{0F4527E0-DFB7-4906-BECD-DAFF5CF95375}.Debug|Any CPU.ActiveCfg = Debug|Any CPU
		{0F4527E0-DFB7-4906-BECD-DAFF5CF95375}.Debug|Any CPU.Build.0 = Debug|Any CPU
		{0F4527E0-DFB7-4906-BECD-DAFF5CF95375}.Release|Any CPU.ActiveCfg = Release|Any CPU
		{0F4527E0-DFB7-4906-BECD-DAFF5CF95375}.Release|Any CPU.Build.0 = Release|Any CPU
		{5A133DE7-41ED-4168-89AE-0EF980F56532}.Debug|Any CPU.ActiveCfg = Debug|Any CPU
		{5A133DE7-41ED-4168-89AE-0EF980F56532}.Debug|Any CPU.Build.0 = Debug|Any CPU
		{5A133DE7-41ED-4168-89AE-0EF980F56532}.Release|Any CPU.ActiveCfg = Release|Any CPU
		{5A133DE7-41ED-4168-89AE-0EF980F56532}.Release|Any CPU.Build.0 = Release|Any CPU
	EndGlobalSection
	GlobalSection(SolutionProperties) = preSolution
		HideSolutionNode = FALSE
	EndGlobalSection
	GlobalSection(ExtensibilityGlobals) = postSolution
		SolutionGuid = {5647CDDD-1528-4075-9908-DB1B963AA67E}
	EndGlobalSection
EndGlobal
